
Microsoft Visual Studio Solution File, Format Version 12.00
# Visual Studio 2012
Project("{FAE04EC0-301F-11D3-BF4B-00C04F79EFBC}") = "FormsGen", "FormsGen.csproj", "{2DFA8749-AFF5-4C02-8F63-3F96989E3542}"
EndProject
Global
	GlobalSection(SolutionConfigurationPlatforms) = preSolution
		Debug|Any CPU = Debug|Any CPU
		Release|Any CPU = Release|Any CPU
		Mock-Employer-iOS|Any CPU = Mock-Employer-iOS|Any CPU
	EndGlobalSection
	GlobalSection(ProjectConfigurationPlatforms) = postSolution
		{2DFA8749-AFF5-4C02-8F63-3F96989E3542}.Debug|Any CPU.ActiveCfg = Debug|Any CPU
		{2DFA8749-AFF5-4C02-8F63-3F96989E3542}.Debug|Any CPU.Build.0 = Debug|Any CPU
		{2DFA8749-AFF5-4C02-8F63-3F96989E3542}.Release|Any CPU.ActiveCfg = Release|Any CPU
		{2DFA8749-AFF5-4C02-8F63-3F96989E3542}.Release|Any CPU.Build.0 = Release|Any CPU
		{2DFA8749-AFF5-4C02-8F63-3F96989E3542}.Mock-Employer-iOS|Any CPU.ActiveCfg = Mock-Employer-iOS|Any CPU
		{2DFA8749-AFF5-4C02-8F63-3F96989E3542}.Mock-Employer-iOS|Any CPU.Build.0 = Mock-Employer-iOS|Any CPU
	EndGlobalSection
EndGlobal
