
Microsoft Visual Studio Solution File, Format Version 12.00
# Visual Studio 2012
Project("{FAE04EC0-301F-11D3-BF4B-00C04F79EFBC}") = "FormsGenConsole", "FormsGenConsole.csproj", "{CE8BDC4B-48B8-4DBF-BEDB-25A469C436A1}"
EndProject
Global
	GlobalSection(SolutionConfigurationPlatforms) = preSolution
		Debug|Any CPU = Debug|Any CPU
		Release|Any CPU = Release|Any CPU
		Mock-Employer-iOS|Any CPU = Mock-Employer-iOS|Any CPU
	EndGlobalSection
	GlobalSection(ProjectConfigurationPlatforms) = postSolution
		{CE8BDC4B-48B8-4DBF-BEDB-25A469C436A1}.Debug|Any CPU.ActiveCfg = Debug|Any CPU
		{CE8BDC4B-48B8-4DBF-BEDB-25A469C436A1}.Debug|Any CPU.Build.0 = Debug|Any CPU
		{CE8BDC4B-48B8-4DBF-BEDB-25A469C436A1}.Release|Any CPU.ActiveCfg = Release|Any CPU
		{CE8BDC4B-48B8-4DBF-BEDB-25A469C436A1}.Release|Any CPU.Build.0 = Release|Any CPU
		{CE8BDC4B-48B8-4DBF-BEDB-25A469C436A1}.Mock-Employer-iOS|Any CPU.ActiveCfg = Mock-Employer-iOS|Any CPU
		{CE8BDC4B-48B8-4DBF-BEDB-25A469C436A1}.Mock-Employer-iOS|Any CPU.Build.0 = Mock-Employer-iOS|Any CPU
	EndGlobalSection
EndGlobal
